// !$*UTF8*$!
{
	archiveVersion = 1;
	classes = {
	};
	objectVersion = 46;
	objects = {

/* Begin PBXBuildFile section */
		9920BF3B1D9B827A00F9A9F6 /* WatchConnectivity.framework in Frameworks */ = {isa = PBXBuildFile; fileRef = 9920BF3A1D9B827A00F9A9F6 /* WatchConnectivity.framework */; };
		9951EA651D9AF597005AAD5C /* AppDelegate.swift in Sources */ = {isa = PBXBuildFile; fileRef = 9951EA641D9AF597005AAD5C /* AppDelegate.swift */; };
		9951EA6A1D9AF597005AAD5C /* Main.storyboard in Resources */ = {isa = PBXBuildFile; fileRef = 9951EA681D9AF597005AAD5C /* Main.storyboard */; };
		9951EA6C1D9AF597005AAD5C /* Assets.xcassets in Resources */ = {isa = PBXBuildFile; fileRef = 9951EA6B1D9AF597005AAD5C /* Assets.xcassets */; };
		9951EA6F1D9AF597005AAD5C /* LaunchScreen.storyboard in Resources */ = {isa = PBXBuildFile; fileRef = 9951EA6D1D9AF597005AAD5C /* LaunchScreen.storyboard */; };
		9951EA791D9AFD39005AAD5C /* DashBoardViewController.swift in Sources */ = {isa = PBXBuildFile; fileRef = 9951EA781D9AFD39005AAD5C /* DashBoardViewController.swift */; };
		9951EA801D9B00A1005AAD5C /* Interface.storyboard in Resources */ = {isa = PBXBuildFile; fileRef = 9951EA7E1D9B00A1005AAD5C /* Interface.storyboard */; };
		9951EA821D9B00A1005AAD5C /* Assets.xcassets in Resources */ = {isa = PBXBuildFile; fileRef = 9951EA811D9B00A1005AAD5C /* Assets.xcassets */; };
		9951EA891D9B00A1005AAD5C /* FlappyBirdWatchApp Extension.appex in Embed App Extensions */ = {isa = PBXBuildFile; fileRef = 9951EA881D9B00A1005AAD5C /* FlappyBirdWatchApp Extension.appex */; settings = {ATTRIBUTES = (RemoveHeadersOnCopy, ); }; };
		9951EA901D9B00A1005AAD5C /* InterfaceController.swift in Sources */ = {isa = PBXBuildFile; fileRef = 9951EA8F1D9B00A1005AAD5C /* InterfaceController.swift */; };
		9951EA921D9B00A1005AAD5C /* ExtensionDelegate.swift in Sources */ = {isa = PBXBuildFile; fileRef = 9951EA911D9B00A1005AAD5C /* ExtensionDelegate.swift */; };
		9951EA941D9B00A1005AAD5C /* NotificationController.swift in Sources */ = {isa = PBXBuildFile; fileRef = 9951EA931D9B00A1005AAD5C /* NotificationController.swift */; };
		9951EA961D9B00A1005AAD5C /* Assets.xcassets in Resources */ = {isa = PBXBuildFile; fileRef = 9951EA951D9B00A1005AAD5C /* Assets.xcassets */; };
		9951EA9A1D9B00A1005AAD5C /* FlappyBirdWatchApp.app in Embed Watch Content */ = {isa = PBXBuildFile; fileRef = 9951EA7C1D9B00A1005AAD5C /* FlappyBirdWatchApp.app */; };
/* End PBXBuildFile section */

/* Begin PBXContainerItemProxy section */
		9951EA8A1D9B00A1005AAD5C /* PBXContainerItemProxy */ = {
			isa = PBXContainerItemProxy;
			containerPortal = 9951EA591D9AF597005AAD5C /* Project object */;
			proxyType = 1;
			remoteGlobalIDString = 9951EA871D9B00A1005AAD5C;
			remoteInfo = "FlappyBirdWatchApp Extension";
		};
		9951EA981D9B00A1005AAD5C /* PBXContainerItemProxy */ = {
			isa = PBXContainerItemProxy;
			containerPortal = 9951EA591D9AF597005AAD5C /* Project object */;
			proxyType = 1;
			remoteGlobalIDString = 9951EA7B1D9B00A1005AAD5C;
			remoteInfo = FlappyBirdWatchApp;
		};
/* End PBXContainerItemProxy section */

/* Begin PBXCopyFilesBuildPhase section */
		9951EA9E1D9B00A1005AAD5C /* Embed App Extensions */ = {
			isa = PBXCopyFilesBuildPhase;
			buildActionMask = 2147483647;
			dstPath = "";
			dstSubfolderSpec = 13;
			files = (
				9951EA891D9B00A1005AAD5C /* FlappyBirdWatchApp Extension.appex in Embed App Extensions */,
			);
			name = "Embed App Extensions";
			runOnlyForDeploymentPostprocessing = 0;
		};
		9951EAA21D9B00A1005AAD5C /* Embed Watch Content */ = {
			isa = PBXCopyFilesBuildPhase;
			buildActionMask = 2147483647;
			dstPath = "$(CONTENTS_FOLDER_PATH)/Watch";
			dstSubfolderSpec = 16;
			files = (
				9951EA9A1D9B00A1005AAD5C /* FlappyBirdWatchApp.app in Embed Watch Content */,
			);
			name = "Embed Watch Content";
			runOnlyForDeploymentPostprocessing = 0;
		};
/* End PBXCopyFilesBuildPhase section */

/* Begin PBXFileReference section */
		9920BF381D9B824700F9A9F6 /* WatchConnectivity.framework */ = {isa = PBXFileReference; lastKnownFileType = wrapper.framework; name = WatchConnectivity.framework; path = Platforms/WatchOS.platform/Developer/SDKs/WatchOS2.2.sdk/System/Library/Frameworks/WatchConnectivity.framework; sourceTree = DEVELOPER_DIR; };
		9920BF3A1D9B827A00F9A9F6 /* WatchConnectivity.framework */ = {isa = PBXFileReference; lastKnownFileType = wrapper.framework; name = WatchConnectivity.framework; path = System/Library/Frameworks/WatchConnectivity.framework; sourceTree = SDKROOT; };
		9951EA611D9AF597005AAD5C /* FlappyBirdCrossWatch.app */ = {isa = PBXFileReference; explicitFileType = wrapper.application; includeInIndex = 0; path = FlappyBirdCrossWatch.app; sourceTree = BUILT_PRODUCTS_DIR; };
		9951EA641D9AF597005AAD5C /* AppDelegate.swift */ = {isa = PBXFileReference; lastKnownFileType = sourcecode.swift; path = AppDelegate.swift; sourceTree = "<group>"; };
		9951EA691D9AF597005AAD5C /* Base */ = {isa = PBXFileReference; lastKnownFileType = file.storyboard; name = Base; path = Base.lproj/Main.storyboard; sourceTree = "<group>"; };
		9951EA6B1D9AF597005AAD5C /* Assets.xcassets */ = {isa = PBXFileReference; lastKnownFileType = folder.assetcatalog; path = Assets.xcassets; sourceTree = "<group>"; };
		9951EA6E1D9AF597005AAD5C /* Base */ = {isa = PBXFileReference; lastKnownFileType = file.storyboard; name = Base; path = Base.lproj/LaunchScreen.storyboard; sourceTree = "<group>"; };
		9951EA701D9AF597005AAD5C /* Info.plist */ = {isa = PBXFileReference; lastKnownFileType = text.plist.xml; path = Info.plist; sourceTree = "<group>"; };
		9951EA781D9AFD39005AAD5C /* DashBoardViewController.swift */ = {isa = PBXFileReference; fileEncoding = 4; lastKnownFileType = sourcecode.swift; path = DashBoardViewController.swift; sourceTree = "<group>"; };
		9951EA7C1D9B00A1005AAD5C /* FlappyBirdWatchApp.app */ = {isa = PBXFileReference; explicitFileType = wrapper.application; includeInIndex = 0; path = FlappyBirdWatchApp.app; sourceTree = BUILT_PRODUCTS_DIR; };
		9951EA7F1D9B00A1005AAD5C /* Base */ = {isa = PBXFileReference; lastKnownFileType = file.storyboard; name = Base; path = Base.lproj/Interface.storyboard; sourceTree = "<group>"; };
		9951EA811D9B00A1005AAD5C /* Assets.xcassets */ = {isa = PBXFileReference; lastKnownFileType = folder.assetcatalog; path = Assets.xcassets; sourceTree = "<group>"; };
		9951EA831D9B00A1005AAD5C /* Info.plist */ = {isa = PBXFileReference; lastKnownFileType = text.plist.xml; path = Info.plist; sourceTree = "<group>"; };
		9951EA881D9B00A1005AAD5C /* FlappyBirdWatchApp Extension.appex */ = {isa = PBXFileReference; explicitFileType = "wrapper.app-extension"; includeInIndex = 0; path = "FlappyBirdWatchApp Extension.appex"; sourceTree = BUILT_PRODUCTS_DIR; };
		9951EA8E1D9B00A1005AAD5C /* PushNotificationPayload.apns */ = {isa = PBXFileReference; lastKnownFileType = text; path = PushNotificationPayload.apns; sourceTree = "<group>"; };
		9951EA8F1D9B00A1005AAD5C /* InterfaceController.swift */ = {isa = PBXFileReference; lastKnownFileType = sourcecode.swift; path = InterfaceController.swift; sourceTree = "<group>"; };
		9951EA911D9B00A1005AAD5C /* ExtensionDelegate.swift */ = {isa = PBXFileReference; lastKnownFileType = sourcecode.swift; path = ExtensionDelegate.swift; sourceTree = "<group>"; };
		9951EA931D9B00A1005AAD5C /* NotificationController.swift */ = {isa = PBXFileReference; lastKnownFileType = sourcecode.swift; path = NotificationController.swift; sourceTree = "<group>"; };
		9951EA951D9B00A1005AAD5C /* Assets.xcassets */ = {isa = PBXFileReference; lastKnownFileType = folder.assetcatalog; path = Assets.xcassets; sourceTree = "<group>"; };
		9951EA971D9B00A1005AAD5C /* Info.plist */ = {isa = PBXFileReference; lastKnownFileType = text.plist.xml; path = Info.plist; sourceTree = "<group>"; };
/* End PBXFileReference section */

/* Begin PBXFrameworksBuildPhase section */
		9951EA5E1D9AF597005AAD5C /* Frameworks */ = {
			isa = PBXFrameworksBuildPhase;
			buildActionMask = 2147483647;
			files = (
				9920BF3B1D9B827A00F9A9F6 /* WatchConnectivity.framework in Frameworks */,
			);
			runOnlyForDeploymentPostprocessing = 0;
		};
		9951EA851D9B00A1005AAD5C /* Frameworks */ = {
			isa = PBXFrameworksBuildPhase;
			buildActionMask = 2147483647;
			files = (
			);
			runOnlyForDeploymentPostprocessing = 0;
		};
/* End PBXFrameworksBuildPhase section */

/* Begin PBXGroup section */
		9951EA581D9AF597005AAD5C = {
			isa = PBXGroup;
			children = (
				9920BF3A1D9B827A00F9A9F6 /* WatchConnectivity.framework */,
				9951EA631D9AF597005AAD5C /* FlappyBirdCrossWatch */,
				9951EA7D1D9B00A1005AAD5C /* FlappyBirdWatchApp */,
				9951EA8C1D9B00A1005AAD5C /* FlappyBirdWatchApp Extension */,
				9951EA621D9AF597005AAD5C /* Products */,
			);
			sourceTree = "<group>";
		};
		9951EA621D9AF597005AAD5C /* Products */ = {
			isa = PBXGroup;
			children = (
				9951EA611D9AF597005AAD5C /* FlappyBirdCrossWatch.app */,
				9951EA7C1D9B00A1005AAD5C /* FlappyBirdWatchApp.app */,
				9951EA881D9B00A1005AAD5C /* FlappyBirdWatchApp Extension.appex */,
			);
			name = Products;
			sourceTree = "<group>";
		};
		9951EA631D9AF597005AAD5C /* FlappyBirdCrossWatch */ = {
			isa = PBXGroup;
			children = (
				9951EA761D9AFD1B005AAD5C /* Controllers */,
				9951EA771D9AFD1B005AAD5C /* Views */,
				9951EA641D9AF597005AAD5C /* AppDelegate.swift */,
				9951EA681D9AF597005AAD5C /* Main.storyboard */,
				9951EA6B1D9AF597005AAD5C /* Assets.xcassets */,
				9951EA6D1D9AF597005AAD5C /* LaunchScreen.storyboard */,
				9951EA701D9AF597005AAD5C /* Info.plist */,
			);
			path = FlappyBirdCrossWatch;
			sourceTree = "<group>";
		};
		9951EA761D9AFD1B005AAD5C /* Controllers */ = {
			isa = PBXGroup;
			children = (
				9951EA781D9AFD39005AAD5C /* DashBoardViewController.swift */,
			);
			path = Controllers;
			sourceTree = "<group>";
		};
		9951EA771D9AFD1B005AAD5C /* Views */ = {
			isa = PBXGroup;
			children = (
			);
			path = Views;
			sourceTree = "<group>";
		};
		9951EA7D1D9B00A1005AAD5C /* FlappyBirdWatchApp */ = {
			isa = PBXGroup;
			children = (
				9951EA7E1D9B00A1005AAD5C /* Interface.storyboard */,
				9951EA811D9B00A1005AAD5C /* Assets.xcassets */,
				9951EA831D9B00A1005AAD5C /* Info.plist */,
			);
			path = FlappyBirdWatchApp;
			sourceTree = "<group>";
		};
		9951EA8C1D9B00A1005AAD5C /* FlappyBirdWatchApp Extension */ = {
			isa = PBXGroup;
			children = (
				9951EA8F1D9B00A1005AAD5C /* InterfaceController.swift */,
				9951EA911D9B00A1005AAD5C /* ExtensionDelegate.swift */,
				9951EA931D9B00A1005AAD5C /* NotificationController.swift */,
				9951EA951D9B00A1005AAD5C /* Assets.xcassets */,
				9951EA971D9B00A1005AAD5C /* Info.plist */,
				9951EA8D1D9B00A1005AAD5C /* Supporting Files */,
			);
			path = "FlappyBirdWatchApp Extension";
			sourceTree = "<group>";
		};
		9951EA8D1D9B00A1005AAD5C /* Supporting Files */ = {
			isa = PBXGroup;
			children = (
				9920BF381D9B824700F9A9F6 /* WatchConnectivity.framework */,
				9951EA8E1D9B00A1005AAD5C /* PushNotificationPayload.apns */,
			);
			name = "Supporting Files";
			sourceTree = "<group>";
		};
/* End PBXGroup section */

/* Begin PBXNativeTarget section */
		9951EA601D9AF597005AAD5C /* FlappyBirdCrossWatch */ = {
			isa = PBXNativeTarget;
			buildConfigurationList = 9951EA731D9AF597005AAD5C /* Build configuration list for PBXNativeTarget "FlappyBirdCrossWatch" */;
			buildPhases = (
				9951EA5D1D9AF597005AAD5C /* Sources */,
				9951EA5E1D9AF597005AAD5C /* Frameworks */,
				9951EA5F1D9AF597005AAD5C /* Resources */,
				9951EAA21D9B00A1005AAD5C /* Embed Watch Content */,
			);
			buildRules = (
			);
			dependencies = (
				9951EA991D9B00A1005AAD5C /* PBXTargetDependency */,
			);
			name = FlappyBirdCrossWatch;
			productName = FlappyBirdCrossWatch;
			productReference = 9951EA611D9AF597005AAD5C /* FlappyBirdCrossWatch.app */;
			productType = "com.apple.product-type.application";
		};
		9951EA7B1D9B00A1005AAD5C /* FlappyBirdWatchApp */ = {
			isa = PBXNativeTarget;
			buildConfigurationList = 9951EA9F1D9B00A1005AAD5C /* Build configuration list for PBXNativeTarget "FlappyBirdWatchApp" */;
			buildPhases = (
				9951EA7A1D9B00A1005AAD5C /* Resources */,
				9951EA9E1D9B00A1005AAD5C /* Embed App Extensions */,
			);
			buildRules = (
			);
			dependencies = (
				9951EA8B1D9B00A1005AAD5C /* PBXTargetDependency */,
			);
			name = FlappyBirdWatchApp;
			productName = FlappyBirdWatchApp;
			productReference = 9951EA7C1D9B00A1005AAD5C /* FlappyBirdWatchApp.app */;
			productType = "com.apple.product-type.application.watchapp2";
		};
		9951EA871D9B00A1005AAD5C /* FlappyBirdWatchApp Extension */ = {
			isa = PBXNativeTarget;
			buildConfigurationList = 9951EA9B1D9B00A1005AAD5C /* Build configuration list for PBXNativeTarget "FlappyBirdWatchApp Extension" */;
			buildPhases = (
				9951EA841D9B00A1005AAD5C /* Sources */,
				9951EA851D9B00A1005AAD5C /* Frameworks */,
				9951EA861D9B00A1005AAD5C /* Resources */,
			);
			buildRules = (
			);
			dependencies = (
			);
			name = "FlappyBirdWatchApp Extension";
			productName = "FlappyBirdWatchApp Extension";
			productReference = 9951EA881D9B00A1005AAD5C /* FlappyBirdWatchApp Extension.appex */;
			productType = "com.apple.product-type.watchkit2-extension";
		};
/* End PBXNativeTarget section */

/* Begin PBXProject section */
		9951EA591D9AF597005AAD5C /* Project object */ = {
			isa = PBXProject;
			attributes = {
				LastSwiftUpdateCheck = 0730;
				LastUpgradeCheck = 0730;
				ORGANIZATIONNAME = TuffyTiffany;
				TargetAttributes = {
					9951EA601D9AF597005AAD5C = {
						CreatedOnToolsVersion = 7.3;
					};
					9951EA7B1D9B00A1005AAD5C = {
						CreatedOnToolsVersion = 7.3;
					};
					9951EA871D9B00A1005AAD5C = {
						CreatedOnToolsVersion = 7.3;
					};
				};
			};
			buildConfigurationList = 9951EA5C1D9AF597005AAD5C /* Build configuration list for PBXProject "FlappyBirdCrossWatch" */;
			compatibilityVersion = "Xcode 3.2";
			developmentRegion = English;
			hasScannedForEncodings = 0;
			knownRegions = (
				en,
				Base,
			);
			mainGroup = 9951EA581D9AF597005AAD5C;
			productRefGroup = 9951EA621D9AF597005AAD5C /* Products */;
			projectDirPath = "";
			projectRoot = "";
			targets = (
				9951EA601D9AF597005AAD5C /* FlappyBirdCrossWatch */,
				9951EA7B1D9B00A1005AAD5C /* FlappyBirdWatchApp */,
				9951EA871D9B00A1005AAD5C /* FlappyBirdWatchApp Extension */,
			);
		};
/* End PBXProject section */

/* Begin PBXResourcesBuildPhase section */
		9951EA5F1D9AF597005AAD5C /* Resources */ = {
			isa = PBXResourcesBuildPhase;
			buildActionMask = 2147483647;
			files = (
				9951EA6F1D9AF597005AAD5C /* LaunchScreen.storyboard in Resources */,
				9951EA6C1D9AF597005AAD5C /* Assets.xcassets in Resources */,
				9951EA6A1D9AF597005AAD5C /* Main.storyboard in Resources */,
			);
			runOnlyForDeploymentPostprocessing = 0;
		};
		9951EA7A1D9B00A1005AAD5C /* Resources */ = {
			isa = PBXResourcesBuildPhase;
			buildActionMask = 2147483647;
			files = (
				9951EA821D9B00A1005AAD5C /* Assets.xcassets in Resources */,
				9951EA801D9B00A1005AAD5C /* Interface.storyboard in Resources */,
			);
			runOnlyForDeploymentPostprocessing = 0;
		};
		9951EA861D9B00A1005AAD5C /* Resources */ = {
			isa = PBXResourcesBuildPhase;
			buildActionMask = 2147483647;
			files = (
				9951EA961D9B00A1005AAD5C /* Assets.xcassets in Resources */,
			);
			runOnlyForDeploymentPostprocessing = 0;
		};
/* End PBXResourcesBuildPhase section */

/* Begin PBXSourcesBuildPhase section */
		9951EA5D1D9AF597005AAD5C /* Sources */ = {
			isa = PBXSourcesBuildPhase;
			buildActionMask = 2147483647;
			files = (
				9951EA791D9AFD39005AAD5C /* DashBoardViewController.swift in Sources */,
				9951EA651D9AF597005AAD5C /* AppDelegate.swift in Sources */,
			);
			runOnlyForDeploymentPostprocessing = 0;
		};
		9951EA841D9B00A1005AAD5C /* Sources */ = {
			isa = PBXSourcesBuildPhase;
			buildActionMask = 2147483647;
			files = (
				9951EA941D9B00A1005AAD5C /* NotificationController.swift in Sources */,
				9951EA921D9B00A1005AAD5C /* ExtensionDelegate.swift in Sources */,
				9951EA901D9B00A1005AAD5C /* InterfaceController.swift in Sources */,
			);
			runOnlyForDeploymentPostprocessing = 0;
		};
/* End PBXSourcesBuildPhase section */

/* Begin PBXTargetDependency section */
		9951EA8B1D9B00A1005AAD5C /* PBXTargetDependency */ = {
			isa = PBXTargetDependency;
			target = 9951EA871D9B00A1005AAD5C /* FlappyBirdWatchApp Extension */;
			targetProxy = 9951EA8A1D9B00A1005AAD5C /* PBXContainerItemProxy */;
		};
		9951EA991D9B00A1005AAD5C /* PBXTargetDependency */ = {
			isa = PBXTargetDependency;
			target = 9951EA7B1D9B00A1005AAD5C /* FlappyBirdWatchApp */;
			targetProxy = 9951EA981D9B00A1005AAD5C /* PBXContainerItemProxy */;
		};
/* End PBXTargetDependency section */

/* Begin PBXVariantGroup section */
		9951EA681D9AF597005AAD5C /* Main.storyboard */ = {
			isa = PBXVariantGroup;
			children = (
				9951EA691D9AF597005AAD5C /* Base */,
			);
			name = Main.storyboard;
			sourceTree = "<group>";
		};
		9951EA6D1D9AF597005AAD5C /* LaunchScreen.storyboard */ = {
			isa = PBXVariantGroup;
			children = (
				9951EA6E1D9AF597005AAD5C /* Base */,
			);
			name = LaunchScreen.storyboard;
			sourceTree = "<group>";
		};
		9951EA7E1D9B00A1005AAD5C /* Interface.storyboard */ = {
			isa = PBXVariantGroup;
			children = (
				9951EA7F1D9B00A1005AAD5C /* Base */,
			);
			name = Interface.storyboard;
			sourceTree = "<group>";
		};
/* End PBXVariantGroup section */

/* Begin XCBuildConfiguration section */
		9951EA711D9AF597005AAD5C /* Debug */ = {
			isa = XCBuildConfiguration;
			buildSettings = {
				ALWAYS_SEARCH_USER_PATHS = NO;
				CLANG_ANALYZER_NONNULL = YES;
				CLANG_CXX_LANGUAGE_STANDARD = "gnu++0x";
				CLANG_CXX_LIBRARY = "libc++";
				CLANG_ENABLE_MODULES = YES;
				CLANG_ENABLE_OBJC_ARC = YES;
				CLANG_WARN_BOOL_CONVERSION = YES;
				CLANG_WARN_CONSTANT_CONVERSION = YES;
				CLANG_WARN_DIRECT_OBJC_ISA_USAGE = YES_ERROR;
				CLANG_WARN_EMPTY_BODY = YES;
				CLANG_WARN_ENUM_CONVERSION = YES;
				CLANG_WARN_INT_CONVERSION = YES;
				CLANG_WARN_OBJC_ROOT_CLASS = YES_ERROR;
				CLANG_WARN_UNREACHABLE_CODE = YES;
				CLANG_WARN__DUPLICATE_METHOD_MATCH = YES;
				"CODE_SIGN_IDENTITY[sdk=iphoneos*]" = "iPhone Developer";
				COPY_PHASE_STRIP = NO;
				DEBUG_INFORMATION_FORMAT = dwarf;
				ENABLE_STRICT_OBJC_MSGSEND = YES;
				ENABLE_TESTABILITY = YES;
				GCC_C_LANGUAGE_STANDARD = gnu99;
				GCC_DYNAMIC_NO_PIC = NO;
				GCC_NO_COMMON_BLOCKS = YES;
				GCC_OPTIMIZATION_LEVEL = 0;
				GCC_PREPROCESSOR_DEFINITIONS = (
					"DEBUG=1",
					"$(inherited)",
				);
				GCC_WARN_64_TO_32_BIT_CONVERSION = YES;
				GCC_WARN_ABOUT_RETURN_TYPE = YES_ERROR;
				GCC_WARN_UNDECLARED_SELECTOR = YES;
				GCC_WARN_UNINITIALIZED_AUTOS = YES_AGGRESSIVE;
				GCC_WARN_UNUSED_FUNCTION = YES;
				GCC_WARN_UNUSED_VARIABLE = YES;
				IPHONEOS_DEPLOYMENT_TARGET = 9.3;
				MTL_ENABLE_DEBUG_INFO = YES;
				ONLY_ACTIVE_ARCH = YES;
				SDKROOT = iphoneos;
				SWIFT_OPTIMIZATION_LEVEL = "-Onone";
				TARGETED_DEVICE_FAMILY = "1,2";
			};
			name = Debug;
		};
		9951EA721D9AF597005AAD5C /* Release */ = {
			isa = XCBuildConfiguration;
			buildSettings = {
				ALWAYS_SEARCH_USER_PATHS = NO;
				CLANG_ANALYZER_NONNULL = YES;
				CLANG_CXX_LANGUAGE_STANDARD = "gnu++0x";
				CLANG_CXX_LIBRARY = "libc++";
				CLANG_ENABLE_MODULES = YES;
				CLANG_ENABLE_OBJC_ARC = YES;
				CLANG_WARN_BOOL_CONVERSION = YES;
				CLANG_WARN_CONSTANT_CONVERSION = YES;
				CLANG_WARN_DIRECT_OBJC_ISA_USAGE = YES_ERROR;
				CLANG_WARN_EMPTY_BODY = YES;
				CLANG_WARN_ENUM_CONVERSION = YES;
				CLANG_WARN_INT_CONVERSION = YES;
				CLANG_WARN_OBJC_ROOT_CLASS = YES_ERROR;
				CLANG_WARN_UNREACHABLE_CODE = YES;
				CLANG_WARN__DUPLICATE_METHOD_MATCH = YES;
				"CODE_SIGN_IDENTITY[sdk=iphoneos*]" = "iPhone Developer";
				COPY_PHASE_STRIP = NO;
				DEBUG_INFORMATION_FORMAT = "dwarf-with-dsym";
				ENABLE_NS_ASSERTIONS = NO;
				ENABLE_STRICT_OBJC_MSGSEND = YES;
				GCC_C_LANGUAGE_STANDARD = gnu99;
				GCC_NO_COMMON_BLOCKS = YES;
				GCC_WARN_64_TO_32_BIT_CONVERSION = YES;
				GCC_WARN_ABOUT_RETURN_TYPE = YES_ERROR;
				GCC_WARN_UNDECLARED_SELECTOR = YES;
				GCC_WARN_UNINITIALIZED_AUTOS = YES_AGGRESSIVE;
				GCC_WARN_UNUSED_FUNCTION = YES;
				GCC_WARN_UNUSED_VARIABLE = YES;
				IPHONEOS_DEPLOYMENT_TARGET = 9.3;
				MTL_ENABLE_DEBUG_INFO = NO;
				SDKROOT = iphoneos;
				TARGETED_DEVICE_FAMILY = "1,2";
				VALIDATE_PRODUCT = YES;
			};
			name = Release;
		};
		9951EA741D9AF597005AAD5C /* Debug */ = {
			isa = XCBuildConfiguration;
			buildSettings = {
				ASSETCATALOG_COMPILER_APPICON_NAME = AppIcon;
				INFOPLIST_FILE = FlappyBirdCrossWatch/Info.plist;
				LD_RUNPATH_SEARCH_PATHS = "$(inherited) @executable_path/Frameworks";
				PRODUCT_BUNDLE_IDENTIFIER = com.tuffytiffany.FlappyBirdCrossWatch;
				PRODUCT_NAME = "$(TARGET_NAME)";
			};
			name = Debug;
		};
		9951EA751D9AF597005AAD5C /* Release */ = {
			isa = XCBuildConfiguration;
			buildSettings = {
				ASSETCATALOG_COMPILER_APPICON_NAME = AppIcon;
				INFOPLIST_FILE = FlappyBirdCrossWatch/Info.plist;
				LD_RUNPATH_SEARCH_PATHS = "$(inherited) @executable_path/Frameworks";
				PRODUCT_BUNDLE_IDENTIFIER = com.tuffytiffany.FlappyBirdCrossWatch;
				PRODUCT_NAME = "$(TARGET_NAME)";
			};
			name = Release;
		};
		9951EA9C1D9B00A1005AAD5C /* Debug */ = {
			isa = XCBuildConfiguration;
			buildSettings = {
				INFOPLIST_FILE = "FlappyBirdWatchApp Extension/Info.plist";
				LD_RUNPATH_SEARCH_PATHS = "$(inherited) @executable_path/Frameworks @executable_path/../../Frameworks";
				PRODUCT_BUNDLE_IDENTIFIER = com.tuffytiffany.FlappyBirdCrossWatch.watchkitapp.watchkitextension;
				PRODUCT_NAME = "${TARGET_NAME}";
				SDKROOT = watchos;
				SKIP_INSTALL = YES;
				TARGETED_DEVICE_FAMILY = 4;
				WATCHOS_DEPLOYMENT_TARGET = 2.2;
			};
			name = Debug;
		};
		9951EA9D1D9B00A1005AAD5C /* Release */ = {
			isa = XCBuildConfiguration;
			buildSettings = {
				INFOPLIST_FILE = "FlappyBirdWatchApp Extension/Info.plist";
				LD_RUNPATH_SEARCH_PATHS = "$(inherited) @executable_path/Frameworks @executable_path/../../Frameworks";
				PRODUCT_BUNDLE_IDENTIFIER = com.tuffytiffany.FlappyBirdCrossWatch.watchkitapp.watchkitextension;
				PRODUCT_NAME = "${TARGET_NAME}";
				SDKROOT = watchos;
				SKIP_INSTALL = YES;
				TARGETED_DEVICE_FAMILY = 4;
				WATCHOS_DEPLOYMENT_TARGET = 2.2;
			};
			name = Release;
		};
		9951EAA01D9B00A1005AAD5C /* Debug */ = {
			isa = XCBuildConfiguration;
			buildSettings = {
				ASSETCATALOG_COMPILER_APPICON_NAME = AppIcon;
				EMBEDDED_CONTENT_CONTAINS_SWIFT = YES;
				IBSC_MODULE = FlappyBirdWatchApp_Extension;
				INFOPLIST_FILE = FlappyBirdWatchApp/Info.plist;
				PRODUCT_BUNDLE_IDENTIFIER = com.tuffytiffany.FlappyBirdCrossWatch.watchkitapp;
				PRODUCT_NAME = "$(TARGET_NAME)";
				SDKROOT = watchos;
				SKIP_INSTALL = YES;
				TARGETED_DEVICE_FAMILY = 4;
				WATCHOS_DEPLOYMENT_TARGET = 2.2;
			};
			name = Debug;
		};
		9951EAA11D9B00A1005AAD5C /* Release */ = {
			isa = XCBuildConfiguration;
			buildSettings = {
				ASSETCATALOG_COMPILER_APPICON_NAME = AppIcon;
				EMBEDDED_CONTENT_CONTAINS_SWIFT = YES;
				IBSC_MODULE = FlappyBirdWatchApp_Extension;
				INFOPLIST_FILE = FlappyBirdWatchApp/Info.plist;
				PRODUCT_BUNDLE_IDENTIFIER = com.tuffytiffany.FlappyBirdCrossWatch.watchkitapp;
				PRODUCT_NAME = "$(TARGET_NAME)";
				SDKROOT = watchos;
				SKIP_INSTALL = YES;
				TARGETED_DEVICE_FAMILY = 4;
				WATCHOS_DEPLOYMENT_TARGET = 2.2;
			};
			name = Release;
		};
/* End XCBuildConfiguration section */

/* Begin XCConfigurationList section */
		9951EA5C1D9AF597005AAD5C /* Build configuration list for PBXProject "FlappyBirdCrossWatch" */ = {
			isa = XCConfigurationList;
			buildConfigurations = (
				9951EA711D9AF597005AAD5C /* Debug */,
				9951EA721D9AF597005AAD5C /* Release */,
			);
			defaultConfigurationIsVisible = 0;
			defaultConfigurationName = Release;
		};
		9951EA731D9AF597005AAD5C /* Build configuration list for PBXNativeTarget "FlappyBirdCrossWatch" */ = {
			isa = XCConfigurationList;
			buildConfigurations = (
				9951EA741D9AF597005AAD5C /* Debug */,
				9951EA751D9AF597005AAD5C /* Release */,
			);
			defaultConfigurationIsVisible = 0;
			defaultConfigurationName = Release;
		};
		9951EA9B1D9B00A1005AAD5C /* Build configuration list for PBXNativeTarget "FlappyBirdWatchApp Extension" */ = {
			isa = XCConfigurationList;
			buildConfigurations = (
				9951EA9C1D9B00A1005AAD5C /* Debug */,
				9951EA9D1D9B00A1005AAD5C /* Release */,
			);
			defaultConfigurationIsVisible = 0;
			defaultConfigurationName = Release;
		};
		9951EA9F1D9B00A1005AAD5C /* Build configuration list for PBXNativeTarget "FlappyBirdWatchApp" */ = {
			isa = XCConfigurationList;
			buildConfigurations = (
				9951EAA01D9B00A1005AAD5C /* Debug */,
				9951EAA11D9B00A1005AAD5C /* Release */,
			);
			defaultConfigurationIsVisible = 0;
			defaultConfigurationName = Release;
		};
/* End XCConfigurationList section */
	};
	rootObject = 9951EA591D9AF597005AAD5C /* Project object */;
}
