// !$*UTF8*$!
{
	archiveVersion = 1;
	classes = {
	};
	objectVersion = 46;
	objects = {

/* Begin PBXBuildFile section */
		9920BF821D9BA1C900F9A9F6 /* AsyncBroadcaster.m in Sources */ = {isa = PBXBuildFile; fileRef = 9920BF4D1D9BA1C800F9A9F6 /* AsyncBroadcaster.m */; };
		9920BF831D9BA1C900F9A9F6 /* AsyncClient.m in Sources */ = {isa = PBXBuildFile; fileRef = 9920BF4F1D9BA1C800F9A9F6 /* AsyncClient.m */; };
		9920BF841D9BA1C900F9A9F6 /* AsyncConnection.m in Sources */ = {isa = PBXBuildFile; fileRef = 9920BF511D9BA1C800F9A9F6 /* AsyncConnection.m */; };
		9920BF851D9BA1C900F9A9F6 /* AsyncNetwork-Info.plist in Resources */ = {isa = PBXBuildFile; fileRef = 9920BF521D9BA1C800F9A9F6 /* AsyncNetwork-Info.plist */; };
		9920BF861D9BA1C900F9A9F6 /* AsyncNetworkHelpers.m in Sources */ = {isa = PBXBuildFile; fileRef = 9920BF561D9BA1C800F9A9F6 /* AsyncNetworkHelpers.m */; };
		9920BF871D9BA1C900F9A9F6 /* AsyncRequest.m in Sources */ = {isa = PBXBuildFile; fileRef = 9920BF581D9BA1C800F9A9F6 /* AsyncRequest.m */; };
		9920BF881D9BA1C900F9A9F6 /* AsyncServer.m in Sources */ = {isa = PBXBuildFile; fileRef = 9920BF5A1D9BA1C800F9A9F6 /* AsyncServer.m */; };
		9920BF891D9BA1C900F9A9F6 /* NSNetService+AsyncRequest.m in Sources */ = {isa = PBXBuildFile; fileRef = 9920BF5C1D9BA1C800F9A9F6 /* NSNetService+AsyncRequest.m */; };
		9920BF8A1D9BA1C900F9A9F6 /* CocoaAsyncSocket.podspec in Resources */ = {isa = PBXBuildFile; fileRef = 9920BF5F1D9BA1C800F9A9F6 /* CocoaAsyncSocket.podspec */; };
		9920BF8B1D9BA1C900F9A9F6 /* Documentation.html in Resources */ = {isa = PBXBuildFile; fileRef = 9920BF611D9BA1C800F9A9F6 /* Documentation.html */; };
		9920BF8C1D9BA1C900F9A9F6 /* GCDAsyncSocket.m in Sources */ = {isa = PBXBuildFile; fileRef = 9920BF631D9BA1C800F9A9F6 /* GCDAsyncSocket.m */; };
		9920BF8D1D9BA1C900F9A9F6 /* GCDAsyncUdpSocket.m in Sources */ = {isa = PBXBuildFile; fileRef = 9920BF651D9BA1C800F9A9F6 /* GCDAsyncUdpSocket.m */; };
		9920BF8E1D9BA1C900F9A9F6 /* README.markdown in Sources */ = {isa = PBXBuildFile; fileRef = 9920BF661D9BA1C800F9A9F6 /* README.markdown */; };
		9920BF8F1D9BA1C900F9A9F6 /* AsyncSocket.m in Sources */ = {isa = PBXBuildFile; fileRef = 9920BF691D9BA1C800F9A9F6 /* AsyncSocket.m */; };
		9920BF901D9BA1C900F9A9F6 /* AsyncUdpSocket.m in Sources */ = {isa = PBXBuildFile; fileRef = 9920BF6B1D9BA1C800F9A9F6 /* AsyncUdpSocket.m */; };
		9920BF911D9BA1C900F9A9F6 /* Documentation.html in Resources */ = {isa = PBXBuildFile; fileRef = 9920BF6C1D9BA1C800F9A9F6 /* Documentation.html */; };
		9920BF921D9BA1C900F9A9F6 /* DDAbstractDatabaseLogger.m in Sources */ = {isa = PBXBuildFile; fileRef = 9920BF701D9BA1C800F9A9F6 /* DDAbstractDatabaseLogger.m */; };
		9920BF931D9BA1C900F9A9F6 /* DDASLLogger.m in Sources */ = {isa = PBXBuildFile; fileRef = 9920BF721D9BA1C800F9A9F6 /* DDASLLogger.m */; };
		9920BF941D9BA1C900F9A9F6 /* DDFileLogger.m in Sources */ = {isa = PBXBuildFile; fileRef = 9920BF741D9BA1C800F9A9F6 /* DDFileLogger.m */; };
		9920BF951D9BA1C900F9A9F6 /* DDLog.m in Sources */ = {isa = PBXBuildFile; fileRef = 9920BF771D9BA1C800F9A9F6 /* DDLog.m */; };
		9920BF961D9BA1C900F9A9F6 /* DDTTYLogger.m in Sources */ = {isa = PBXBuildFile; fileRef = 9920BF791D9BA1C800F9A9F6 /* DDTTYLogger.m */; };
		9920BF971D9BA1C900F9A9F6 /* DDContextFilterLogFormatter.m in Sources */ = {isa = PBXBuildFile; fileRef = 9920BF7C1D9BA1C800F9A9F6 /* DDContextFilterLogFormatter.m */; };
		9920BF981D9BA1C900F9A9F6 /* DDDispatchQueueLogFormatter.m in Sources */ = {isa = PBXBuildFile; fileRef = 9920BF7E1D9BA1C800F9A9F6 /* DDDispatchQueueLogFormatter.m */; };
		9920BF991D9BA1C900F9A9F6 /* DDMultiFormatter.m in Sources */ = {isa = PBXBuildFile; fileRef = 9920BF801D9BA1C900F9A9F6 /* DDMultiFormatter.m */; };
		9920BF9A1D9BA1C900F9A9F6 /* README.txt in Resources */ = {isa = PBXBuildFile; fileRef = 9920BF811D9BA1C900F9A9F6 /* README.txt */; };
		993BA41D1D9E3C13005658E3 /* beep.caf in Resources */ = {isa = PBXBuildFile; fileRef = 993BA41C1D9E3C13005658E3 /* beep.caf */; };
		993BA4211D9E432A005658E3 /* censor_beep.wav in Resources */ = {isa = PBXBuildFile; fileRef = 993BA4201D9E432A005658E3 /* censor_beep.wav */; };
		993BA4231D9E4366005658E3 /* censor_beep.wav in Resources */ = {isa = PBXBuildFile; fileRef = 993BA4221D9E4366005658E3 /* censor_beep.wav */; };
		993BA4241D9E4366005658E3 /* censor_beep.wav in Resources */ = {isa = PBXBuildFile; fileRef = 993BA4221D9E4366005658E3 /* censor_beep.wav */; };
		9951EA651D9AF597005AAD5C /* AppDelegate.swift in Sources */ = {isa = PBXBuildFile; fileRef = 9951EA641D9AF597005AAD5C /* AppDelegate.swift */; };
		9951EA6A1D9AF597005AAD5C /* Main.storyboard in Resources */ = {isa = PBXBuildFile; fileRef = 9951EA681D9AF597005AAD5C /* Main.storyboard */; };
		9951EA6C1D9AF597005AAD5C /* Assets.xcassets in Resources */ = {isa = PBXBuildFile; fileRef = 9951EA6B1D9AF597005AAD5C /* Assets.xcassets */; };
		9951EA6F1D9AF597005AAD5C /* LaunchScreen.storyboard in Resources */ = {isa = PBXBuildFile; fileRef = 9951EA6D1D9AF597005AAD5C /* LaunchScreen.storyboard */; };
		9951EA791D9AFD39005AAD5C /* DashBoardViewController.swift in Sources */ = {isa = PBXBuildFile; fileRef = 9951EA781D9AFD39005AAD5C /* DashBoardViewController.swift */; };
		9951EA801D9B00A1005AAD5C /* Interface.storyboard in Resources */ = {isa = PBXBuildFile; fileRef = 9951EA7E1D9B00A1005AAD5C /* Interface.storyboard */; };
		9951EA821D9B00A1005AAD5C /* Assets.xcassets in Resources */ = {isa = PBXBuildFile; fileRef = 9951EA811D9B00A1005AAD5C /* Assets.xcassets */; };
		9951EA891D9B00A1005AAD5C /* FlappyBirdWatchApp Extension.appex in Embed App Extensions */ = {isa = PBXBuildFile; fileRef = 9951EA881D9B00A1005AAD5C /* FlappyBirdWatchApp Extension.appex */; settings = {ATTRIBUTES = (RemoveHeadersOnCopy, ); }; };
		9951EA901D9B00A1005AAD5C /* InterfaceController.swift in Sources */ = {isa = PBXBuildFile; fileRef = 9951EA8F1D9B00A1005AAD5C /* InterfaceController.swift */; };
		9951EA921D9B00A1005AAD5C /* ExtensionDelegate.swift in Sources */ = {isa = PBXBuildFile; fileRef = 9951EA911D9B00A1005AAD5C /* ExtensionDelegate.swift */; };
		9951EA941D9B00A1005AAD5C /* NotificationController.swift in Sources */ = {isa = PBXBuildFile; fileRef = 9951EA931D9B00A1005AAD5C /* NotificationController.swift */; };
		9951EA961D9B00A1005AAD5C /* Assets.xcassets in Resources */ = {isa = PBXBuildFile; fileRef = 9951EA951D9B00A1005AAD5C /* Assets.xcassets */; };
		9951EA9A1D9B00A1005AAD5C /* FlappyBirdWatchApp.app in Embed Watch Content */ = {isa = PBXBuildFile; fileRef = 9951EA7C1D9B00A1005AAD5C /* FlappyBirdWatchApp.app */; };
		99EEC0D71D9CFAF900F2803A /* WatchUtility.m in Sources */ = {isa = PBXBuildFile; fileRef = 99EEC0D61D9CFAF900F2803A /* WatchUtility.m */; };
/* End PBXBuildFile section */

/* Begin PBXContainerItemProxy section */
		9951EA8A1D9B00A1005AAD5C /* PBXContainerItemProxy */ = {
			isa = PBXContainerItemProxy;
			containerPortal = 9951EA591D9AF597005AAD5C /* Project object */;
			proxyType = 1;
			remoteGlobalIDString = 9951EA871D9B00A1005AAD5C;
			remoteInfo = "FlappyBirdWatchApp Extension";
		};
		9951EA981D9B00A1005AAD5C /* PBXContainerItemProxy */ = {
			isa = PBXContainerItemProxy;
			containerPortal = 9951EA591D9AF597005AAD5C /* Project object */;
			proxyType = 1;
			remoteGlobalIDString = 9951EA7B1D9B00A1005AAD5C;
			remoteInfo = FlappyBirdWatchApp;
		};
/* End PBXContainerItemProxy section */

/* Begin PBXCopyFilesBuildPhase section */
		9951EA9E1D9B00A1005AAD5C /* Embed App Extensions */ = {
			isa = PBXCopyFilesBuildPhase;
			buildActionMask = 2147483647;
			dstPath = "";
			dstSubfolderSpec = 13;
			files = (
				9951EA891D9B00A1005AAD5C /* FlappyBirdWatchApp Extension.appex in Embed App Extensions */,
			);
			name = "Embed App Extensions";
			runOnlyForDeploymentPostprocessing = 0;
		};
		9951EAA21D9B00A1005AAD5C /* Embed Watch Content */ = {
			isa = PBXCopyFilesBuildPhase;
			buildActionMask = 2147483647;
			dstPath = "$(CONTENTS_FOLDER_PATH)/Watch";
			dstSubfolderSpec = 16;
			files = (
				9951EA9A1D9B00A1005AAD5C /* FlappyBirdWatchApp.app in Embed Watch Content */,
			);
			name = "Embed Watch Content";
			runOnlyForDeploymentPostprocessing = 0;
		};
/* End PBXCopyFilesBuildPhase section */

/* Begin PBXFileReference section */
		9920BF4C1D9BA1C800F9A9F6 /* AsyncBroadcaster.h */ = {isa = PBXFileReference; fileEncoding = 4; lastKnownFileType = sourcecode.c.h; path = AsyncBroadcaster.h; sourceTree = "<group>"; };
		9920BF4D1D9BA1C800F9A9F6 /* AsyncBroadcaster.m */ = {isa = PBXFileReference; fileEncoding = 4; lastKnownFileType = sourcecode.c.objc; path = AsyncBroadcaster.m; sourceTree = "<group>"; };
		9920BF4E1D9BA1C800F9A9F6 /* AsyncClient.h */ = {isa = PBXFileReference; fileEncoding = 4; lastKnownFileType = sourcecode.c.h; path = AsyncClient.h; sourceTree = "<group>"; };
		9920BF4F1D9BA1C800F9A9F6 /* AsyncClient.m */ = {isa = PBXFileReference; fileEncoding = 4; lastKnownFileType = sourcecode.c.objc; path = AsyncClient.m; sourceTree = "<group>"; };
		9920BF501D9BA1C800F9A9F6 /* AsyncConnection.h */ = {isa = PBXFileReference; fileEncoding = 4; lastKnownFileType = sourcecode.c.h; path = AsyncConnection.h; sourceTree = "<group>"; };
		9920BF511D9BA1C800F9A9F6 /* AsyncConnection.m */ = {isa = PBXFileReference; fileEncoding = 4; lastKnownFileType = sourcecode.c.objc; path = AsyncConnection.m; sourceTree = "<group>"; };
		9920BF521D9BA1C800F9A9F6 /* AsyncNetwork-Info.plist */ = {isa = PBXFileReference; fileEncoding = 4; lastKnownFileType = text.plist.xml; path = "AsyncNetwork-Info.plist"; sourceTree = "<group>"; };
		9920BF531D9BA1C800F9A9F6 /* AsyncNetwork-Prefix.pch */ = {isa = PBXFileReference; fileEncoding = 4; lastKnownFileType = sourcecode.c.h; path = "AsyncNetwork-Prefix.pch"; sourceTree = "<group>"; };
		9920BF541D9BA1C800F9A9F6 /* AsyncNetwork.h */ = {isa = PBXFileReference; fileEncoding = 4; lastKnownFileType = sourcecode.c.h; path = AsyncNetwork.h; sourceTree = "<group>"; };
		9920BF551D9BA1C800F9A9F6 /* AsyncNetworkHelpers.h */ = {isa = PBXFileReference; fileEncoding = 4; lastKnownFileType = sourcecode.c.h; path = AsyncNetworkHelpers.h; sourceTree = "<group>"; };
		9920BF561D9BA1C800F9A9F6 /* AsyncNetworkHelpers.m */ = {isa = PBXFileReference; fileEncoding = 4; lastKnownFileType = sourcecode.c.objc; path = AsyncNetworkHelpers.m; sourceTree = "<group>"; };
		9920BF571D9BA1C800F9A9F6 /* AsyncRequest.h */ = {isa = PBXFileReference; fileEncoding = 4; lastKnownFileType = sourcecode.c.h; path = AsyncRequest.h; sourceTree = "<group>"; };
		9920BF581D9BA1C800F9A9F6 /* AsyncRequest.m */ = {isa = PBXFileReference; fileEncoding = 4; lastKnownFileType = sourcecode.c.objc; path = AsyncRequest.m; sourceTree = "<group>"; };
		9920BF591D9BA1C800F9A9F6 /* AsyncServer.h */ = {isa = PBXFileReference; fileEncoding = 4; lastKnownFileType = sourcecode.c.h; path = AsyncServer.h; sourceTree = "<group>"; };
		9920BF5A1D9BA1C800F9A9F6 /* AsyncServer.m */ = {isa = PBXFileReference; fileEncoding = 4; lastKnownFileType = sourcecode.c.objc; path = AsyncServer.m; sourceTree = "<group>"; };
		9920BF5B1D9BA1C800F9A9F6 /* NSNetService+AsyncRequest.h */ = {isa = PBXFileReference; fileEncoding = 4; lastKnownFileType = sourcecode.c.h; path = "NSNetService+AsyncRequest.h"; sourceTree = "<group>"; };
		9920BF5C1D9BA1C800F9A9F6 /* NSNetService+AsyncRequest.m */ = {isa = PBXFileReference; fileEncoding = 4; lastKnownFileType = sourcecode.c.objc; path = "NSNetService+AsyncRequest.m"; sourceTree = "<group>"; };
		9920BF5D1D9BA1C800F9A9F6 /* BridgingHeader.h */ = {isa = PBXFileReference; fileEncoding = 4; lastKnownFileType = sourcecode.c.h; path = BridgingHeader.h; sourceTree = "<group>"; };
		9920BF5F1D9BA1C800F9A9F6 /* CocoaAsyncSocket.podspec */ = {isa = PBXFileReference; fileEncoding = 4; lastKnownFileType = text; path = CocoaAsyncSocket.podspec; sourceTree = "<group>"; };
		9920BF611D9BA1C800F9A9F6 /* Documentation.html */ = {isa = PBXFileReference; fileEncoding = 4; lastKnownFileType = text.html; path = Documentation.html; sourceTree = "<group>"; };
		9920BF621D9BA1C800F9A9F6 /* GCDAsyncSocket.h */ = {isa = PBXFileReference; fileEncoding = 4; lastKnownFileType = sourcecode.c.h; path = GCDAsyncSocket.h; sourceTree = "<group>"; };
		9920BF631D9BA1C800F9A9F6 /* GCDAsyncSocket.m */ = {isa = PBXFileReference; fileEncoding = 4; lastKnownFileType = sourcecode.c.objc; path = GCDAsyncSocket.m; sourceTree = "<group>"; };
		9920BF641D9BA1C800F9A9F6 /* GCDAsyncUdpSocket.h */ = {isa = PBXFileReference; fileEncoding = 4; lastKnownFileType = sourcecode.c.h; path = GCDAsyncUdpSocket.h; sourceTree = "<group>"; };
		9920BF651D9BA1C800F9A9F6 /* GCDAsyncUdpSocket.m */ = {isa = PBXFileReference; fileEncoding = 4; lastKnownFileType = sourcecode.c.objc; path = GCDAsyncUdpSocket.m; sourceTree = "<group>"; };
		9920BF661D9BA1C800F9A9F6 /* README.markdown */ = {isa = PBXFileReference; fileEncoding = 4; lastKnownFileType = net.daringfireball.markdown; path = README.markdown; sourceTree = "<group>"; };
		9920BF681D9BA1C800F9A9F6 /* AsyncSocket.h */ = {isa = PBXFileReference; fileEncoding = 4; lastKnownFileType = sourcecode.c.h; path = AsyncSocket.h; sourceTree = "<group>"; };
		9920BF691D9BA1C800F9A9F6 /* AsyncSocket.m */ = {isa = PBXFileReference; fileEncoding = 4; lastKnownFileType = sourcecode.c.objc; path = AsyncSocket.m; sourceTree = "<group>"; };
		9920BF6A1D9BA1C800F9A9F6 /* AsyncUdpSocket.h */ = {isa = PBXFileReference; fileEncoding = 4; lastKnownFileType = sourcecode.c.h; path = AsyncUdpSocket.h; sourceTree = "<group>"; };
		9920BF6B1D9BA1C800F9A9F6 /* AsyncUdpSocket.m */ = {isa = PBXFileReference; fileEncoding = 4; lastKnownFileType = sourcecode.c.objc; path = AsyncUdpSocket.m; sourceTree = "<group>"; };
		9920BF6C1D9BA1C800F9A9F6 /* Documentation.html */ = {isa = PBXFileReference; fileEncoding = 4; lastKnownFileType = text.html; path = Documentation.html; sourceTree = "<group>"; };
		9920BF6F1D9BA1C800F9A9F6 /* DDAbstractDatabaseLogger.h */ = {isa = PBXFileReference; fileEncoding = 4; lastKnownFileType = sourcecode.c.h; path = DDAbstractDatabaseLogger.h; sourceTree = "<group>"; };
		9920BF701D9BA1C800F9A9F6 /* DDAbstractDatabaseLogger.m */ = {isa = PBXFileReference; fileEncoding = 4; lastKnownFileType = sourcecode.c.objc; path = DDAbstractDatabaseLogger.m; sourceTree = "<group>"; };
		9920BF711D9BA1C800F9A9F6 /* DDASLLogger.h */ = {isa = PBXFileReference; fileEncoding = 4; lastKnownFileType = sourcecode.c.h; path = DDASLLogger.h; sourceTree = "<group>"; };
		9920BF721D9BA1C800F9A9F6 /* DDASLLogger.m */ = {isa = PBXFileReference; fileEncoding = 4; lastKnownFileType = sourcecode.c.objc; path = DDASLLogger.m; sourceTree = "<group>"; };
		9920BF731D9BA1C800F9A9F6 /* DDFileLogger.h */ = {isa = PBXFileReference; fileEncoding = 4; lastKnownFileType = sourcecode.c.h; path = DDFileLogger.h; sourceTree = "<group>"; };
		9920BF741D9BA1C800F9A9F6 /* DDFileLogger.m */ = {isa = PBXFileReference; fileEncoding = 4; lastKnownFileType = sourcecode.c.objc; path = DDFileLogger.m; sourceTree = "<group>"; };
		9920BF751D9BA1C800F9A9F6 /* DDLog+LOGV.h */ = {isa = PBXFileReference; fileEncoding = 4; lastKnownFileType = sourcecode.c.h; path = "DDLog+LOGV.h"; sourceTree = "<group>"; };
		9920BF761D9BA1C800F9A9F6 /* DDLog.h */ = {isa = PBXFileReference; fileEncoding = 4; lastKnownFileType = sourcecode.c.h; path = DDLog.h; sourceTree = "<group>"; };
		9920BF771D9BA1C800F9A9F6 /* DDLog.m */ = {isa = PBXFileReference; fileEncoding = 4; lastKnownFileType = sourcecode.c.objc; path = DDLog.m; sourceTree = "<group>"; };
		9920BF781D9BA1C800F9A9F6 /* DDTTYLogger.h */ = {isa = PBXFileReference; fileEncoding = 4; lastKnownFileType = sourcecode.c.h; path = DDTTYLogger.h; sourceTree = "<group>"; };
		9920BF791D9BA1C800F9A9F6 /* DDTTYLogger.m */ = {isa = PBXFileReference; fileEncoding = 4; lastKnownFileType = sourcecode.c.objc; path = DDTTYLogger.m; sourceTree = "<group>"; };
		9920BF7B1D9BA1C800F9A9F6 /* DDContextFilterLogFormatter.h */ = {isa = PBXFileReference; fileEncoding = 4; lastKnownFileType = sourcecode.c.h; path = DDContextFilterLogFormatter.h; sourceTree = "<group>"; };
		9920BF7C1D9BA1C800F9A9F6 /* DDContextFilterLogFormatter.m */ = {isa = PBXFileReference; fileEncoding = 4; lastKnownFileType = sourcecode.c.objc; path = DDContextFilterLogFormatter.m; sourceTree = "<group>"; };
		9920BF7D1D9BA1C800F9A9F6 /* DDDispatchQueueLogFormatter.h */ = {isa = PBXFileReference; fileEncoding = 4; lastKnownFileType = sourcecode.c.h; path = DDDispatchQueueLogFormatter.h; sourceTree = "<group>"; };
		9920BF7E1D9BA1C800F9A9F6 /* DDDispatchQueueLogFormatter.m */ = {isa = PBXFileReference; fileEncoding = 4; lastKnownFileType = sourcecode.c.objc; path = DDDispatchQueueLogFormatter.m; sourceTree = "<group>"; };
		9920BF7F1D9BA1C800F9A9F6 /* DDMultiFormatter.h */ = {isa = PBXFileReference; fileEncoding = 4; lastKnownFileType = sourcecode.c.h; path = DDMultiFormatter.h; sourceTree = "<group>"; };
		9920BF801D9BA1C900F9A9F6 /* DDMultiFormatter.m */ = {isa = PBXFileReference; fileEncoding = 4; lastKnownFileType = sourcecode.c.objc; path = DDMultiFormatter.m; sourceTree = "<group>"; };
		9920BF811D9BA1C900F9A9F6 /* README.txt */ = {isa = PBXFileReference; fileEncoding = 4; lastKnownFileType = text; path = README.txt; sourceTree = "<group>"; };
		992547FC1DA130D000EDB30B /* FlappyBirdCrossWatch.entitlements */ = {isa = PBXFileReference; lastKnownFileType = text.xml; path = FlappyBirdCrossWatch.entitlements; sourceTree = "<group>"; };
		992547FD1DA130E700EDB30B /* FlappyBirdWatchApp.entitlements */ = {isa = PBXFileReference; lastKnownFileType = text.xml; path = FlappyBirdWatchApp.entitlements; sourceTree = "<group>"; };
		993BA41A1D9E3B3D005658E3 /* Foundation.framework */ = {isa = PBXFileReference; lastKnownFileType = wrapper.framework; name = Foundation.framework; path = Platforms/WatchOS.platform/Developer/SDKs/WatchOS2.2.sdk/System/Library/Frameworks/Foundation.framework; sourceTree = DEVELOPER_DIR; };
		993BA41C1D9E3C13005658E3 /* beep.caf */ = {isa = PBXFileReference; lastKnownFileType = file; path = beep.caf; sourceTree = "<group>"; };
		993BA4201D9E432A005658E3 /* censor_beep.wav */ = {isa = PBXFileReference; lastKnownFileType = audio.wav; path = censor_beep.wav; sourceTree = "<group>"; };
		993BA4221D9E4366005658E3 /* censor_beep.wav */ = {isa = PBXFileReference; lastKnownFileType = audio.wav; path = censor_beep.wav; sourceTree = "<group>"; };
		9951EA611D9AF597005AAD5C /* FlappyBirdCrossWatch.app */ = {isa = PBXFileReference; explicitFileType = wrapper.application; includeInIndex = 0; path = FlappyBirdCrossWatch.app; sourceTree = BUILT_PRODUCTS_DIR; };
		9951EA641D9AF597005AAD5C /* AppDelegate.swift */ = {isa = PBXFileReference; lastKnownFileType = sourcecode.swift; path = AppDelegate.swift; sourceTree = "<group>"; };
		9951EA691D9AF597005AAD5C /* Base */ = {isa = PBXFileReference; lastKnownFileType = file.storyboard; name = Base; path = Base.lproj/Main.storyboard; sourceTree = "<group>"; };
		9951EA6B1D9AF597005AAD5C /* Assets.xcassets */ = {isa = PBXFileReference; lastKnownFileType = folder.assetcatalog; path = Assets.xcassets; sourceTree = "<group>"; };
		9951EA6E1D9AF597005AAD5C /* Base */ = {isa = PBXFileReference; lastKnownFileType = file.storyboard; name = Base; path = Base.lproj/LaunchScreen.storyboard; sourceTree = "<group>"; };
		9951EA701D9AF597005AAD5C /* Info.plist */ = {isa = PBXFileReference; lastKnownFileType = text.plist.xml; path = Info.plist; sourceTree = "<group>"; };
		9951EA781D9AFD39005AAD5C /* DashBoardViewController.swift */ = {isa = PBXFileReference; fileEncoding = 4; lastKnownFileType = sourcecode.swift; path = DashBoardViewController.swift; sourceTree = "<group>"; };
		9951EA7C1D9B00A1005AAD5C /* FlappyBirdWatchApp.app */ = {isa = PBXFileReference; explicitFileType = wrapper.application; includeInIndex = 0; path = FlappyBirdWatchApp.app; sourceTree = BUILT_PRODUCTS_DIR; };
		9951EA7F1D9B00A1005AAD5C /* Base */ = {isa = PBXFileReference; lastKnownFileType = file.storyboard; name = Base; path = Base.lproj/Interface.storyboard; sourceTree = "<group>"; };
		9951EA811D9B00A1005AAD5C /* Assets.xcassets */ = {isa = PBXFileReference; lastKnownFileType = folder.assetcatalog; path = Assets.xcassets; sourceTree = "<group>"; };
		9951EA831D9B00A1005AAD5C /* Info.plist */ = {isa = PBXFileReference; lastKnownFileType = text.plist.xml; path = Info.plist; sourceTree = "<group>"; };
		9951EA881D9B00A1005AAD5C /* FlappyBirdWatchApp Extension.appex */ = {isa = PBXFileReference; explicitFileType = "wrapper.app-extension"; includeInIndex = 0; path = "FlappyBirdWatchApp Extension.appex"; sourceTree = BUILT_PRODUCTS_DIR; };
		9951EA8E1D9B00A1005AAD5C /* PushNotificationPayload.apns */ = {isa = PBXFileReference; lastKnownFileType = text; path = PushNotificationPayload.apns; sourceTree = "<group>"; };
		9951EA8F1D9B00A1005AAD5C /* InterfaceController.swift */ = {isa = PBXFileReference; lastKnownFileType = sourcecode.swift; path = InterfaceController.swift; sourceTree = "<group>"; };
		9951EA911D9B00A1005AAD5C /* ExtensionDelegate.swift */ = {isa = PBXFileReference; lastKnownFileType = sourcecode.swift; path = ExtensionDelegate.swift; sourceTree = "<group>"; };
		9951EA931D9B00A1005AAD5C /* NotificationController.swift */ = {isa = PBXFileReference; lastKnownFileType = sourcecode.swift; path = NotificationController.swift; sourceTree = "<group>"; };
		9951EA951D9B00A1005AAD5C /* Assets.xcassets */ = {isa = PBXFileReference; lastKnownFileType = folder.assetcatalog; path = Assets.xcassets; sourceTree = "<group>"; };
		9951EA971D9B00A1005AAD5C /* Info.plist */ = {isa = PBXFileReference; lastKnownFileType = text.plist.xml; path = Info.plist; sourceTree = "<group>"; };
		99E243E61DA12CE000D12C43 /* FlappyBirdWatchApp Extension.entitlements */ = {isa = PBXFileReference; lastKnownFileType = text.xml; path = "FlappyBirdWatchApp Extension.entitlements"; sourceTree = "<group>"; };
		99EEC0D41D9CFAF900F2803A /* FlappyBirdWatchApp Extension-Bridging-Header.h */ = {isa = PBXFileReference; lastKnownFileType = sourcecode.c.h; path = "FlappyBirdWatchApp Extension-Bridging-Header.h"; sourceTree = "<group>"; };
		99EEC0D51D9CFAF900F2803A /* WatchUtility.h */ = {isa = PBXFileReference; fileEncoding = 4; lastKnownFileType = sourcecode.c.h; path = WatchUtility.h; sourceTree = "<group>"; };
		99EEC0D61D9CFAF900F2803A /* WatchUtility.m */ = {isa = PBXFileReference; fileEncoding = 4; lastKnownFileType = sourcecode.c.objc; path = WatchUtility.m; sourceTree = "<group>"; };
/* End PBXFileReference section */

/* Begin PBXFrameworksBuildPhase section */
		9951EA5E1D9AF597005AAD5C /* Frameworks */ = {
			isa = PBXFrameworksBuildPhase;
			buildActionMask = 2147483647;
			files = (
			);
			runOnlyForDeploymentPostprocessing = 0;
		};
		9951EA851D9B00A1005AAD5C /* Frameworks */ = {
			isa = PBXFrameworksBuildPhase;
			buildActionMask = 2147483647;
			files = (
			);
			runOnlyForDeploymentPostprocessing = 0;
		};
/* End PBXFrameworksBuildPhase section */

/* Begin PBXGroup section */
		9920BF4A1D9BA1C800F9A9F6 /* Utils */ = {
			isa = PBXGroup;
			children = (
				9920BF4B1D9BA1C800F9A9F6 /* AsyncNetwork */,
				9920BF5D1D9BA1C800F9A9F6 /* BridgingHeader.h */,
				9920BF5E1D9BA1C800F9A9F6 /* CocoaAsyncSocket */,
			);
			path = Utils;
			sourceTree = "<group>";
		};
		9920BF4B1D9BA1C800F9A9F6 /* AsyncNetwork */ = {
			isa = PBXGroup;
			children = (
				9920BF4C1D9BA1C800F9A9F6 /* AsyncBroadcaster.h */,
				9920BF4D1D9BA1C800F9A9F6 /* AsyncBroadcaster.m */,
				9920BF4E1D9BA1C800F9A9F6 /* AsyncClient.h */,
				9920BF4F1D9BA1C800F9A9F6 /* AsyncClient.m */,
				9920BF501D9BA1C800F9A9F6 /* AsyncConnection.h */,
				9920BF511D9BA1C800F9A9F6 /* AsyncConnection.m */,
				9920BF521D9BA1C800F9A9F6 /* AsyncNetwork-Info.plist */,
				9920BF531D9BA1C800F9A9F6 /* AsyncNetwork-Prefix.pch */,
				9920BF541D9BA1C800F9A9F6 /* AsyncNetwork.h */,
				9920BF551D9BA1C800F9A9F6 /* AsyncNetworkHelpers.h */,
				9920BF561D9BA1C800F9A9F6 /* AsyncNetworkHelpers.m */,
				9920BF571D9BA1C800F9A9F6 /* AsyncRequest.h */,
				9920BF581D9BA1C800F9A9F6 /* AsyncRequest.m */,
				9920BF591D9BA1C800F9A9F6 /* AsyncServer.h */,
				9920BF5A1D9BA1C800F9A9F6 /* AsyncServer.m */,
				9920BF5B1D9BA1C800F9A9F6 /* NSNetService+AsyncRequest.h */,
				9920BF5C1D9BA1C800F9A9F6 /* NSNetService+AsyncRequest.m */,
			);
			path = AsyncNetwork;
			sourceTree = "<group>";
		};
		9920BF5E1D9BA1C800F9A9F6 /* CocoaAsyncSocket */ = {
			isa = PBXGroup;
			children = (
				9920BF5F1D9BA1C800F9A9F6 /* CocoaAsyncSocket.podspec */,
				9920BF601D9BA1C800F9A9F6 /* GCD */,
				9920BF661D9BA1C800F9A9F6 /* README.markdown */,
				9920BF671D9BA1C800F9A9F6 /* RunLoop */,
				9920BF6D1D9BA1C800F9A9F6 /* Vendor */,
			);
			path = CocoaAsyncSocket;
			sourceTree = "<group>";
		};
		9920BF601D9BA1C800F9A9F6 /* GCD */ = {
			isa = PBXGroup;
			children = (
				9920BF611D9BA1C800F9A9F6 /* Documentation.html */,
				9920BF621D9BA1C800F9A9F6 /* GCDAsyncSocket.h */,
				9920BF631D9BA1C800F9A9F6 /* GCDAsyncSocket.m */,
				9920BF641D9BA1C800F9A9F6 /* GCDAsyncUdpSocket.h */,
				9920BF651D9BA1C800F9A9F6 /* GCDAsyncUdpSocket.m */,
			);
			path = GCD;
			sourceTree = "<group>";
		};
		9920BF671D9BA1C800F9A9F6 /* RunLoop */ = {
			isa = PBXGroup;
			children = (
				9920BF681D9BA1C800F9A9F6 /* AsyncSocket.h */,
				9920BF691D9BA1C800F9A9F6 /* AsyncSocket.m */,
				9920BF6A1D9BA1C800F9A9F6 /* AsyncUdpSocket.h */,
				9920BF6B1D9BA1C800F9A9F6 /* AsyncUdpSocket.m */,
				9920BF6C1D9BA1C800F9A9F6 /* Documentation.html */,
			);
			path = RunLoop;
			sourceTree = "<group>";
		};
		9920BF6D1D9BA1C800F9A9F6 /* Vendor */ = {
			isa = PBXGroup;
			children = (
				9920BF6E1D9BA1C800F9A9F6 /* CocoaLumberjack */,
			);
			path = Vendor;
			sourceTree = "<group>";
		};
		9920BF6E1D9BA1C800F9A9F6 /* CocoaLumberjack */ = {
			isa = PBXGroup;
			children = (
				9920BF6F1D9BA1C800F9A9F6 /* DDAbstractDatabaseLogger.h */,
				9920BF701D9BA1C800F9A9F6 /* DDAbstractDatabaseLogger.m */,
				9920BF711D9BA1C800F9A9F6 /* DDASLLogger.h */,
				9920BF721D9BA1C800F9A9F6 /* DDASLLogger.m */,
				9920BF731D9BA1C800F9A9F6 /* DDFileLogger.h */,
				9920BF741D9BA1C800F9A9F6 /* DDFileLogger.m */,
				9920BF751D9BA1C800F9A9F6 /* DDLog+LOGV.h */,
				9920BF761D9BA1C800F9A9F6 /* DDLog.h */,
				9920BF771D9BA1C800F9A9F6 /* DDLog.m */,
				9920BF781D9BA1C800F9A9F6 /* DDTTYLogger.h */,
				9920BF791D9BA1C800F9A9F6 /* DDTTYLogger.m */,
				9920BF7A1D9BA1C800F9A9F6 /* Extensions */,
			);
			path = CocoaLumberjack;
			sourceTree = "<group>";
		};
		9920BF7A1D9BA1C800F9A9F6 /* Extensions */ = {
			isa = PBXGroup;
			children = (
				9920BF7B1D9BA1C800F9A9F6 /* DDContextFilterLogFormatter.h */,
				9920BF7C1D9BA1C800F9A9F6 /* DDContextFilterLogFormatter.m */,
				9920BF7D1D9BA1C800F9A9F6 /* DDDispatchQueueLogFormatter.h */,
				9920BF7E1D9BA1C800F9A9F6 /* DDDispatchQueueLogFormatter.m */,
				9920BF7F1D9BA1C800F9A9F6 /* DDMultiFormatter.h */,
				9920BF801D9BA1C900F9A9F6 /* DDMultiFormatter.m */,
				9920BF811D9BA1C900F9A9F6 /* README.txt */,
			);
			path = Extensions;
			sourceTree = "<group>";
		};
		9951EA581D9AF597005AAD5C = {
			isa = PBXGroup;
			children = (
				993BA41A1D9E3B3D005658E3 /* Foundation.framework */,
				9951EA631D9AF597005AAD5C /* FlappyBirdCrossWatch */,
				9951EA7D1D9B00A1005AAD5C /* FlappyBirdWatchApp */,
				9951EA8C1D9B00A1005AAD5C /* FlappyBirdWatchApp Extension */,
				9951EA621D9AF597005AAD5C /* Products */,
			);
			sourceTree = "<group>";
		};
		9951EA621D9AF597005AAD5C /* Products */ = {
			isa = PBXGroup;
			children = (
				9951EA611D9AF597005AAD5C /* FlappyBirdCrossWatch.app */,
				9951EA7C1D9B00A1005AAD5C /* FlappyBirdWatchApp.app */,
				9951EA881D9B00A1005AAD5C /* FlappyBirdWatchApp Extension.appex */,
			);
			name = Products;
			sourceTree = "<group>";
		};
		9951EA631D9AF597005AAD5C /* FlappyBirdCrossWatch */ = {
			isa = PBXGroup;
			children = (
				992547FC1DA130D000EDB30B /* FlappyBirdCrossWatch.entitlements */,
				9920BF4A1D9BA1C800F9A9F6 /* Utils */,
				9951EA761D9AFD1B005AAD5C /* Controllers */,
				9951EA771D9AFD1B005AAD5C /* Views */,
				9951EA641D9AF597005AAD5C /* AppDelegate.swift */,
				9951EA681D9AF597005AAD5C /* Main.storyboard */,
				993BA4201D9E432A005658E3 /* censor_beep.wav */,
				9951EA6B1D9AF597005AAD5C /* Assets.xcassets */,
				9951EA6D1D9AF597005AAD5C /* LaunchScreen.storyboard */,
				9951EA701D9AF597005AAD5C /* Info.plist */,
			);
			path = FlappyBirdCrossWatch;
			sourceTree = "<group>";
		};
		9951EA761D9AFD1B005AAD5C /* Controllers */ = {
			isa = PBXGroup;
			children = (
				9951EA781D9AFD39005AAD5C /* DashBoardViewController.swift */,
			);
			path = Controllers;
			sourceTree = "<group>";
		};
		9951EA771D9AFD1B005AAD5C /* Views */ = {
			isa = PBXGroup;
			children = (
			);
			path = Views;
			sourceTree = "<group>";
		};
		9951EA7D1D9B00A1005AAD5C /* FlappyBirdWatchApp */ = {
			isa = PBXGroup;
			children = (
				992547FD1DA130E700EDB30B /* FlappyBirdWatchApp.entitlements */,
				9951EA7E1D9B00A1005AAD5C /* Interface.storyboard */,
				9951EA811D9B00A1005AAD5C /* Assets.xcassets */,
				993BA4221D9E4366005658E3 /* censor_beep.wav */,
				993BA41C1D9E3C13005658E3 /* beep.caf */,
				9951EA831D9B00A1005AAD5C /* Info.plist */,
			);
			path = FlappyBirdWatchApp;
			sourceTree = "<group>";
		};
		9951EA8C1D9B00A1005AAD5C /* FlappyBirdWatchApp Extension */ = {
			isa = PBXGroup;
			children = (
				99E243E61DA12CE000D12C43 /* FlappyBirdWatchApp Extension.entitlements */,
				99EEC0D51D9CFAF900F2803A /* WatchUtility.h */,
				99EEC0D61D9CFAF900F2803A /* WatchUtility.m */,
				9951EA8F1D9B00A1005AAD5C /* InterfaceController.swift */,
				9951EA911D9B00A1005AAD5C /* ExtensionDelegate.swift */,
				9951EA931D9B00A1005AAD5C /* NotificationController.swift */,
				9951EA951D9B00A1005AAD5C /* Assets.xcassets */,
				9951EA971D9B00A1005AAD5C /* Info.plist */,
				9951EA8D1D9B00A1005AAD5C /* Supporting Files */,
				99EEC0D41D9CFAF900F2803A /* FlappyBirdWatchApp Extension-Bridging-Header.h */,
			);
			path = "FlappyBirdWatchApp Extension";
			sourceTree = "<group>";
		};
		9951EA8D1D9B00A1005AAD5C /* Supporting Files */ = {
			isa = PBXGroup;
			children = (
				9951EA8E1D9B00A1005AAD5C /* PushNotificationPayload.apns */,
			);
			name = "Supporting Files";
			sourceTree = "<group>";
		};
/* End PBXGroup section */

/* Begin PBXNativeTarget section */
		9951EA601D9AF597005AAD5C /* FlappyBirdCrossWatch */ = {
			isa = PBXNativeTarget;
			buildConfigurationList = 9951EA731D9AF597005AAD5C /* Build configuration list for PBXNativeTarget "FlappyBirdCrossWatch" */;
			buildPhases = (
				9951EA5D1D9AF597005AAD5C /* Sources */,
				9951EA5E1D9AF597005AAD5C /* Frameworks */,
				9951EA5F1D9AF597005AAD5C /* Resources */,
				9951EAA21D9B00A1005AAD5C /* Embed Watch Content */,
			);
			buildRules = (
			);
			dependencies = (
				9951EA991D9B00A1005AAD5C /* PBXTargetDependency */,
			);
			name = FlappyBirdCrossWatch;
			productName = FlappyBirdCrossWatch;
			productReference = 9951EA611D9AF597005AAD5C /* FlappyBirdCrossWatch.app */;
			productType = "com.apple.product-type.application";
		};
		9951EA7B1D9B00A1005AAD5C /* FlappyBirdWatchApp */ = {
			isa = PBXNativeTarget;
			buildConfigurationList = 9951EA9F1D9B00A1005AAD5C /* Build configuration list for PBXNativeTarget "FlappyBirdWatchApp" */;
			buildPhases = (
				9951EA7A1D9B00A1005AAD5C /* Resources */,
				9951EA9E1D9B00A1005AAD5C /* Embed App Extensions */,
			);
			buildRules = (
			);
			dependencies = (
				9951EA8B1D9B00A1005AAD5C /* PBXTargetDependency */,
			);
			name = FlappyBirdWatchApp;
			productName = FlappyBirdWatchApp;
			productReference = 9951EA7C1D9B00A1005AAD5C /* FlappyBirdWatchApp.app */;
			productType = "com.apple.product-type.application.watchapp2";
		};
		9951EA871D9B00A1005AAD5C /* FlappyBirdWatchApp Extension */ = {
			isa = PBXNativeTarget;
			buildConfigurationList = 9951EA9B1D9B00A1005AAD5C /* Build configuration list for PBXNativeTarget "FlappyBirdWatchApp Extension" */;
			buildPhases = (
				9951EA841D9B00A1005AAD5C /* Sources */,
				9951EA851D9B00A1005AAD5C /* Frameworks */,
				9951EA861D9B00A1005AAD5C /* Resources */,
			);
			buildRules = (
			);
			dependencies = (
			);
			name = "FlappyBirdWatchApp Extension";
			productName = "FlappyBirdWatchApp Extension";
			productReference = 9951EA881D9B00A1005AAD5C /* FlappyBirdWatchApp Extension.appex */;
			productType = "com.apple.product-type.watchkit2-extension";
		};
/* End PBXNativeTarget section */

/* Begin PBXProject section */
		9951EA591D9AF597005AAD5C /* Project object */ = {
			isa = PBXProject;
			attributes = {
				LastSwiftUpdateCheck = 0730;
				LastUpgradeCheck = 0730;
				ORGANIZATIONNAME = TuffyTiffany;
				TargetAttributes = {
					9951EA601D9AF597005AAD5C = {
						CreatedOnToolsVersion = 7.3;
						DevelopmentTeam = UQN7GH636G;
						SystemCapabilities = {
							com.apple.ApplicationGroups.iOS = {
								enabled = 0;
							};
						};
					};
					9951EA7B1D9B00A1005AAD5C = {
						CreatedOnToolsVersion = 7.3;
						DevelopmentTeam = UQN7GH636G;
						SystemCapabilities = {
							com.apple.ApplicationGroups.iOS = {
								enabled = 0;
							};
						};
					};
					9951EA871D9B00A1005AAD5C = {
						CreatedOnToolsVersion = 7.3;
						DevelopmentTeam = UQN7GH636G;
						SystemCapabilities = {
							com.apple.ApplicationGroups.iOS = {
								enabled = 0;
							};
						};
					};
				};
			};
			buildConfigurationList = 9951EA5C1D9AF597005AAD5C /* Build configuration list for PBXProject "FlappyBirdCrossWatch" */;
			compatibilityVersion = "Xcode 3.2";
			developmentRegion = English;
			hasScannedForEncodings = 0;
			knownRegions = (
				en,
				Base,
			);
			mainGroup = 9951EA581D9AF597005AAD5C;
			productRefGroup = 9951EA621D9AF597005AAD5C /* Products */;
			projectDirPath = "";
			projectRoot = "";
			targets = (
				9951EA601D9AF597005AAD5C /* FlappyBirdCrossWatch */,
				9951EA7B1D9B00A1005AAD5C /* FlappyBirdWatchApp */,
				9951EA871D9B00A1005AAD5C /* FlappyBirdWatchApp Extension */,
			);
		};
/* End PBXProject section */

/* Begin PBXResourcesBuildPhase section */
		9951EA5F1D9AF597005AAD5C /* Resources */ = {
			isa = PBXResourcesBuildPhase;
			buildActionMask = 2147483647;
			files = (
				9951EA6F1D9AF597005AAD5C /* LaunchScreen.storyboard in Resources */,
				993BA4211D9E432A005658E3 /* censor_beep.wav in Resources */,
				9920BF8B1D9BA1C900F9A9F6 /* Documentation.html in Resources */,
				9951EA6C1D9AF597005AAD5C /* Assets.xcassets in Resources */,
				9920BF851D9BA1C900F9A9F6 /* AsyncNetwork-Info.plist in Resources */,
				9951EA6A1D9AF597005AAD5C /* Main.storyboard in Resources */,
				9920BF911D9BA1C900F9A9F6 /* Documentation.html in Resources */,
				9920BF9A1D9BA1C900F9A9F6 /* README.txt in Resources */,
				9920BF8A1D9BA1C900F9A9F6 /* CocoaAsyncSocket.podspec in Resources */,
			);
			runOnlyForDeploymentPostprocessing = 0;
		};
		9951EA7A1D9B00A1005AAD5C /* Resources */ = {
			isa = PBXResourcesBuildPhase;
			buildActionMask = 2147483647;
			files = (
				9951EA821D9B00A1005AAD5C /* Assets.xcassets in Resources */,
				993BA4231D9E4366005658E3 /* censor_beep.wav in Resources */,
				9951EA801D9B00A1005AAD5C /* Interface.storyboard in Resources */,
			);
			runOnlyForDeploymentPostprocessing = 0;
		};
		9951EA861D9B00A1005AAD5C /* Resources */ = {
			isa = PBXResourcesBuildPhase;
			buildActionMask = 2147483647;
			files = (
				993BA41D1D9E3C13005658E3 /* beep.caf in Resources */,
				993BA4241D9E4366005658E3 /* censor_beep.wav in Resources */,
				9951EA961D9B00A1005AAD5C /* Assets.xcassets in Resources */,
			);
			runOnlyForDeploymentPostprocessing = 0;
		};
/* End PBXResourcesBuildPhase section */

/* Begin PBXSourcesBuildPhase section */
		9951EA5D1D9AF597005AAD5C /* Sources */ = {
			isa = PBXSourcesBuildPhase;
			buildActionMask = 2147483647;
			files = (
				9920BF931D9BA1C900F9A9F6 /* DDASLLogger.m in Sources */,
				9920BF841D9BA1C900F9A9F6 /* AsyncConnection.m in Sources */,
				9920BF981D9BA1C900F9A9F6 /* DDDispatchQueueLogFormatter.m in Sources */,
				9920BF8F1D9BA1C900F9A9F6 /* AsyncSocket.m in Sources */,
				9920BF8D1D9BA1C900F9A9F6 /* GCDAsyncUdpSocket.m in Sources */,
				9920BF8E1D9BA1C900F9A9F6 /* README.markdown in Sources */,
				9920BF971D9BA1C900F9A9F6 /* DDContextFilterLogFormatter.m in Sources */,
				9951EA791D9AFD39005AAD5C /* DashBoardViewController.swift in Sources */,
				9920BF951D9BA1C900F9A9F6 /* DDLog.m in Sources */,
				9920BF831D9BA1C900F9A9F6 /* AsyncClient.m in Sources */,
				9920BF871D9BA1C900F9A9F6 /* AsyncRequest.m in Sources */,
				9920BF821D9BA1C900F9A9F6 /* AsyncBroadcaster.m in Sources */,
				9920BF881D9BA1C900F9A9F6 /* AsyncServer.m in Sources */,
				9920BF8C1D9BA1C900F9A9F6 /* GCDAsyncSocket.m in Sources */,
				9920BF941D9BA1C900F9A9F6 /* DDFileLogger.m in Sources */,
				9951EA651D9AF597005AAD5C /* AppDelegate.swift in Sources */,
				9920BF861D9BA1C900F9A9F6 /* AsyncNetworkHelpers.m in Sources */,
				9920BF961D9BA1C900F9A9F6 /* DDTTYLogger.m in Sources */,
				9920BF991D9BA1C900F9A9F6 /* DDMultiFormatter.m in Sources */,
				9920BF891D9BA1C900F9A9F6 /* NSNetService+AsyncRequest.m in Sources */,
				9920BF901D9BA1C900F9A9F6 /* AsyncUdpSocket.m in Sources */,
				9920BF921D9BA1C900F9A9F6 /* DDAbstractDatabaseLogger.m in Sources */,
			);
			runOnlyForDeploymentPostprocessing = 0;
		};
		9951EA841D9B00A1005AAD5C /* Sources */ = {
			isa = PBXSourcesBuildPhase;
			buildActionMask = 2147483647;
			files = (
				99EEC0D71D9CFAF900F2803A /* WatchUtility.m in Sources */,
				9951EA941D9B00A1005AAD5C /* NotificationController.swift in Sources */,
				9951EA921D9B00A1005AAD5C /* ExtensionDelegate.swift in Sources */,
				9951EA901D9B00A1005AAD5C /* InterfaceController.swift in Sources */,
			);
			runOnlyForDeploymentPostprocessing = 0;
		};
/* End PBXSourcesBuildPhase section */

/* Begin PBXTargetDependency section */
		9951EA8B1D9B00A1005AAD5C /* PBXTargetDependency */ = {
			isa = PBXTargetDependency;
			target = 9951EA871D9B00A1005AAD5C /* FlappyBirdWatchApp Extension */;
			targetProxy = 9951EA8A1D9B00A1005AAD5C /* PBXContainerItemProxy */;
		};
		9951EA991D9B00A1005AAD5C /* PBXTargetDependency */ = {
			isa = PBXTargetDependency;
			target = 9951EA7B1D9B00A1005AAD5C /* FlappyBirdWatchApp */;
			targetProxy = 9951EA981D9B00A1005AAD5C /* PBXContainerItemProxy */;
		};
/* End PBXTargetDependency section */

/* Begin PBXVariantGroup section */
		9951EA681D9AF597005AAD5C /* Main.storyboard */ = {
			isa = PBXVariantGroup;
			children = (
				9951EA691D9AF597005AAD5C /* Base */,
			);
			name = Main.storyboard;
			sourceTree = "<group>";
		};
		9951EA6D1D9AF597005AAD5C /* LaunchScreen.storyboard */ = {
			isa = PBXVariantGroup;
			children = (
				9951EA6E1D9AF597005AAD5C /* Base */,
			);
			name = LaunchScreen.storyboard;
			sourceTree = "<group>";
		};
		9951EA7E1D9B00A1005AAD5C /* Interface.storyboard */ = {
			isa = PBXVariantGroup;
			children = (
				9951EA7F1D9B00A1005AAD5C /* Base */,
			);
			name = Interface.storyboard;
			sourceTree = "<group>";
		};
/* End PBXVariantGroup section */

/* Begin XCBuildConfiguration section */
		9951EA711D9AF597005AAD5C /* Debug */ = {
			isa = XCBuildConfiguration;
			buildSettings = {
				ALWAYS_SEARCH_USER_PATHS = NO;
				CLANG_ANALYZER_NONNULL = YES;
				CLANG_CXX_LANGUAGE_STANDARD = "gnu++0x";
				CLANG_CXX_LIBRARY = "libc++";
				CLANG_ENABLE_MODULES = YES;
				CLANG_ENABLE_OBJC_ARC = YES;
				CLANG_WARN_BOOL_CONVERSION = YES;
				CLANG_WARN_CONSTANT_CONVERSION = YES;
				CLANG_WARN_DIRECT_OBJC_ISA_USAGE = YES_ERROR;
				CLANG_WARN_EMPTY_BODY = YES;
				CLANG_WARN_ENUM_CONVERSION = YES;
				CLANG_WARN_INT_CONVERSION = YES;
				CLANG_WARN_OBJC_ROOT_CLASS = YES_ERROR;
				CLANG_WARN_UNREACHABLE_CODE = YES;
				CLANG_WARN__DUPLICATE_METHOD_MATCH = YES;
				"CODE_SIGN_IDENTITY[sdk=iphoneos*]" = "iPhone Developer";
				COPY_PHASE_STRIP = NO;
				DEBUG_INFORMATION_FORMAT = dwarf;
				ENABLE_STRICT_OBJC_MSGSEND = YES;
				ENABLE_TESTABILITY = YES;
				GCC_C_LANGUAGE_STANDARD = gnu99;
				GCC_DYNAMIC_NO_PIC = NO;
				GCC_NO_COMMON_BLOCKS = YES;
				GCC_OPTIMIZATION_LEVEL = 0;
				GCC_PREPROCESSOR_DEFINITIONS = (
					"DEBUG=1",
					"$(inherited)",
				);
				GCC_WARN_64_TO_32_BIT_CONVERSION = YES;
				GCC_WARN_ABOUT_RETURN_TYPE = YES_ERROR;
				GCC_WARN_UNDECLARED_SELECTOR = YES;
				GCC_WARN_UNINITIALIZED_AUTOS = YES_AGGRESSIVE;
				GCC_WARN_UNUSED_FUNCTION = YES;
				GCC_WARN_UNUSED_VARIABLE = YES;
				IPHONEOS_DEPLOYMENT_TARGET = 9.3;
				MTL_ENABLE_DEBUG_INFO = YES;
				ONLY_ACTIVE_ARCH = YES;
				SDKROOT = iphoneos;
				SWIFT_OPTIMIZATION_LEVEL = "-Onone";
				TARGETED_DEVICE_FAMILY = "1,2";
			};
			name = Debug;
		};
		9951EA721D9AF597005AAD5C /* Release */ = {
			isa = XCBuildConfiguration;
			buildSettings = {
				ALWAYS_SEARCH_USER_PATHS = NO;
				CLANG_ANALYZER_NONNULL = YES;
				CLANG_CXX_LANGUAGE_STANDARD = "gnu++0x";
				CLANG_CXX_LIBRARY = "libc++";
				CLANG_ENABLE_MODULES = YES;
				CLANG_ENABLE_OBJC_ARC = YES;
				CLANG_WARN_BOOL_CONVERSION = YES;
				CLANG_WARN_CONSTANT_CONVERSION = YES;
				CLANG_WARN_DIRECT_OBJC_ISA_USAGE = YES_ERROR;
				CLANG_WARN_EMPTY_BODY = YES;
				CLANG_WARN_ENUM_CONVERSION = YES;
				CLANG_WARN_INT_CONVERSION = YES;
				CLANG_WARN_OBJC_ROOT_CLASS = YES_ERROR;
				CLANG_WARN_UNREACHABLE_CODE = YES;
				CLANG_WARN__DUPLICATE_METHOD_MATCH = YES;
				"CODE_SIGN_IDENTITY[sdk=iphoneos*]" = "iPhone Developer";
				COPY_PHASE_STRIP = NO;
				DEBUG_INFORMATION_FORMAT = "dwarf-with-dsym";
				ENABLE_NS_ASSERTIONS = NO;
				ENABLE_STRICT_OBJC_MSGSEND = YES;
				GCC_C_LANGUAGE_STANDARD = gnu99;
				GCC_NO_COMMON_BLOCKS = YES;
				GCC_WARN_64_TO_32_BIT_CONVERSION = YES;
				GCC_WARN_ABOUT_RETURN_TYPE = YES_ERROR;
				GCC_WARN_UNDECLARED_SELECTOR = YES;
				GCC_WARN_UNINITIALIZED_AUTOS = YES_AGGRESSIVE;
				GCC_WARN_UNUSED_FUNCTION = YES;
				GCC_WARN_UNUSED_VARIABLE = YES;
				IPHONEOS_DEPLOYMENT_TARGET = 9.3;
				MTL_ENABLE_DEBUG_INFO = NO;
				SDKROOT = iphoneos;
				TARGETED_DEVICE_FAMILY = "1,2";
				VALIDATE_PRODUCT = YES;
			};
			name = Release;
		};
		9951EA741D9AF597005AAD5C /* Debug */ = {
			isa = XCBuildConfiguration;
			buildSettings = {
				ASSETCATALOG_COMPILER_APPICON_NAME = AppIcon;
				INFOPLIST_FILE = FlappyBirdCrossWatch/Info.plist;
				LD_RUNPATH_SEARCH_PATHS = "$(inherited) @executable_path/Frameworks";
				PRODUCT_BUNDLE_IDENTIFIER = com.tuffytiffany.FlappyBirdCrossWatch;
				PRODUCT_NAME = "$(TARGET_NAME)";
				SWIFT_OBJC_BRIDGING_HEADER = FlappyBirdCrossWatch/Utils/BridgingHeader.h;
			};
			name = Debug;
		};
		9951EA751D9AF597005AAD5C /* Release */ = {
			isa = XCBuildConfiguration;
			buildSettings = {
				ASSETCATALOG_COMPILER_APPICON_NAME = AppIcon;
				INFOPLIST_FILE = FlappyBirdCrossWatch/Info.plist;
				LD_RUNPATH_SEARCH_PATHS = "$(inherited) @executable_path/Frameworks";
				PRODUCT_BUNDLE_IDENTIFIER = com.tuffytiffany.FlappyBirdCrossWatch;
				PRODUCT_NAME = "$(TARGET_NAME)";
				SWIFT_OBJC_BRIDGING_HEADER = FlappyBirdCrossWatch/Utils/BridgingHeader.h;
			};
			name = Release;
		};
		9951EA9C1D9B00A1005AAD5C /* Debug */ = {
			isa = XCBuildConfiguration;
			buildSettings = {
				CLANG_ENABLE_MODULES = YES;
				INFOPLIST_FILE = "FlappyBirdWatchApp Extension/Info.plist";
				LD_RUNPATH_SEARCH_PATHS = "$(inherited) @executable_path/Frameworks @executable_path/../../Frameworks";
				PRODUCT_BUNDLE_IDENTIFIER = com.tuffytiffany.FlappyBirdCrossWatch.watchkitapp.watchkitextension;
				PRODUCT_NAME = "${TARGET_NAME}";
				SDKROOT = watchos;
				SKIP_INSTALL = YES;
				SWIFT_OBJC_BRIDGING_HEADER = "FlappyBirdWatchApp Extension/FlappyBirdWatchApp Extension-Bridging-Header.h";
				SWIFT_OPTIMIZATION_LEVEL = "-Onone";
				TARGETED_DEVICE_FAMILY = 4;
				WATCHOS_DEPLOYMENT_TARGET = 2.2;
			};
			name = Debug;
		};
		9951EA9D1D9B00A1005AAD5C /* Release */ = {
			isa = XCBuildConfiguration;
			buildSettings = {
				CLANG_ENABLE_MODULES = YES;
				INFOPLIST_FILE = "FlappyBirdWatchApp Extension/Info.plist";
				LD_RUNPATH_SEARCH_PATHS = "$(inherited) @executable_path/Frameworks @executable_path/../../Frameworks";
				PRODUCT_BUNDLE_IDENTIFIER = com.tuffytiffany.FlappyBirdCrossWatch.watchkitapp.watchkitextension;
				PRODUCT_NAME = "${TARGET_NAME}";
				SDKROOT = watchos;
				SKIP_INSTALL = YES;
				SWIFT_OBJC_BRIDGING_HEADER = "FlappyBirdWatchApp Extension/FlappyBirdWatchApp Extension-Bridging-Header.h";
				TARGETED_DEVICE_FAMILY = 4;
				WATCHOS_DEPLOYMENT_TARGET = 2.2;
			};
			name = Release;
		};
		9951EAA01D9B00A1005AAD5C /* Debug */ = {
			isa = XCBuildConfiguration;
			buildSettings = {
				ASSETCATALOG_COMPILER_APPICON_NAME = AppIcon;
				EMBEDDED_CONTENT_CONTAINS_SWIFT = YES;
				IBSC_MODULE = FlappyBirdWatchApp_Extension;
				INFOPLIST_FILE = FlappyBirdWatchApp/Info.plist;
				PRODUCT_BUNDLE_IDENTIFIER = com.tuffytiffany.FlappyBirdCrossWatch.watchkitapp;
				PRODUCT_NAME = "$(TARGET_NAME)";
				SDKROOT = watchos;
				SKIP_INSTALL = YES;
				TARGETED_DEVICE_FAMILY = 4;
				WATCHOS_DEPLOYMENT_TARGET = 2.2;
			};
			name = Debug;
		};
		9951EAA11D9B00A1005AAD5C /* Release */ = {
			isa = XCBuildConfiguration;
			buildSettings = {
				ASSETCATALOG_COMPILER_APPICON_NAME = AppIcon;
				EMBEDDED_CONTENT_CONTAINS_SWIFT = YES;
				IBSC_MODULE = FlappyBirdWatchApp_Extension;
				INFOPLIST_FILE = FlappyBirdWatchApp/Info.plist;
				PRODUCT_BUNDLE_IDENTIFIER = com.tuffytiffany.FlappyBirdCrossWatch.watchkitapp;
				PRODUCT_NAME = "$(TARGET_NAME)";
				SDKROOT = watchos;
				SKIP_INSTALL = YES;
				TARGETED_DEVICE_FAMILY = 4;
				WATCHOS_DEPLOYMENT_TARGET = 2.2;
			};
			name = Release;
		};
/* End XCBuildConfiguration section */

/* Begin XCConfigurationList section */
		9951EA5C1D9AF597005AAD5C /* Build configuration list for PBXProject "FlappyBirdCrossWatch" */ = {
			isa = XCConfigurationList;
			buildConfigurations = (
				9951EA711D9AF597005AAD5C /* Debug */,
				9951EA721D9AF597005AAD5C /* Release */,
			);
			defaultConfigurationIsVisible = 0;
			defaultConfigurationName = Release;
		};
		9951EA731D9AF597005AAD5C /* Build configuration list for PBXNativeTarget "FlappyBirdCrossWatch" */ = {
			isa = XCConfigurationList;
			buildConfigurations = (
				9951EA741D9AF597005AAD5C /* Debug */,
				9951EA751D9AF597005AAD5C /* Release */,
			);
			defaultConfigurationIsVisible = 0;
			defaultConfigurationName = Release;
		};
		9951EA9B1D9B00A1005AAD5C /* Build configuration list for PBXNativeTarget "FlappyBirdWatchApp Extension" */ = {
			isa = XCConfigurationList;
			buildConfigurations = (
				9951EA9C1D9B00A1005AAD5C /* Debug */,
				9951EA9D1D9B00A1005AAD5C /* Release */,
			);
			defaultConfigurationIsVisible = 0;
			defaultConfigurationName = Release;
		};
		9951EA9F1D9B00A1005AAD5C /* Build configuration list for PBXNativeTarget "FlappyBirdWatchApp" */ = {
			isa = XCConfigurationList;
			buildConfigurations = (
				9951EAA01D9B00A1005AAD5C /* Debug */,
				9951EAA11D9B00A1005AAD5C /* Release */,
			);
			defaultConfigurationIsVisible = 0;
			defaultConfigurationName = Release;
		};
/* End XCConfigurationList section */
	};
	rootObject = 9951EA591D9AF597005AAD5C /* Project object */;
}
